// !$*UTF8*$!
{
	archiveVersion = 1;
	classes = {
	};
	objectVersion = 50;
	objects = {

/* Begin PBXBuildFile section */
		43E26832260ACA7800AA7FDD /* Recipe_ListApp.swift in Sources */ = {isa = PBXBuildFile; fileRef = 43E26831260ACA7800AA7FDD /* Recipe_ListApp.swift */; };
		43E26834260ACA7800AA7FDD /* RecipeListView.swift in Sources */ = {isa = PBXBuildFile; fileRef = 43E26833260ACA7800AA7FDD /* RecipeListView.swift */; };
		43E26836260ACA7900AA7FDD /* Assets.xcassets in Resources */ = {isa = PBXBuildFile; fileRef = 43E26835260ACA7900AA7FDD /* Assets.xcassets */; };
		43E26839260ACA7900AA7FDD /* Preview Assets.xcassets in Resources */ = {isa = PBXBuildFile; fileRef = 43E26838260ACA7900AA7FDD /* Preview Assets.xcassets */; };
		43E2684B260ACB7500AA7FDD /* recipes.json in Resources */ = {isa = PBXBuildFile; fileRef = 43E2684A260ACB7500AA7FDD /* recipes.json */; };
		43E2684E260ACBF600AA7FDD /* Recipe.swift in Sources */ = {isa = PBXBuildFile; fileRef = 43E2684D260ACBF600AA7FDD /* Recipe.swift */; };
		43E26852260ACCC600AA7FDD /* RecipeModel.swift in Sources */ = {isa = PBXBuildFile; fileRef = 43E26851260ACCC600AA7FDD /* RecipeModel.swift */; };
		43E26856260ACDCB00AA7FDD /* DataService.swift in Sources */ = {isa = PBXBuildFile; fileRef = 43E26855260ACDCB00AA7FDD /* DataService.swift */; };
		43E26859260CD8CE00AA7FDD /* RecipeDetailView.swift in Sources */ = {isa = PBXBuildFile; fileRef = 43E26858260CD8CE00AA7FDD /* RecipeDetailView.swift */; };
		43EF4C0726324E6B00525A80 /* RecipeTabView.swift in Sources */ = {isa = PBXBuildFile; fileRef = 43EF4C0626324E6B00525A80 /* RecipeTabView.swift */; };
		43EF4C0B263258BF00525A80 /* Ingredient.swift in Sources */ = {isa = PBXBuildFile; fileRef = 43EF4C0A263258BF00525A80 /* Ingredient.swift */; };
		43EF4C0E26339BAA00525A80 /* RecipeFeatureView.swift in Sources */ = {isa = PBXBuildFile; fileRef = 43EF4C0D26339BAA00525A80 /* RecipeFeatureView.swift */; };
/* End PBXBuildFile section */

/* Begin PBXFileReference section */
		43E2682E260ACA7800AA7FDD /* Recipe List.app */ = {isa = PBXFileReference; explicitFileType = wrapper.application; includeInIndex = 0; path = "Recipe List.app"; sourceTree = BUILT_PRODUCTS_DIR; };
		43E26831260ACA7800AA7FDD /* Recipe_ListApp.swift */ = {isa = PBXFileReference; lastKnownFileType = sourcecode.swift; path = Recipe_ListApp.swift; sourceTree = "<group>"; };
		43E26833260ACA7800AA7FDD /* RecipeListView.swift */ = {isa = PBXFileReference; lastKnownFileType = sourcecode.swift; path = RecipeListView.swift; sourceTree = "<group>"; };
		43E26835260ACA7900AA7FDD /* Assets.xcassets */ = {isa = PBXFileReference; lastKnownFileType = folder.assetcatalog; path = Assets.xcassets; sourceTree = "<group>"; };
		43E26838260ACA7900AA7FDD /* Preview Assets.xcassets */ = {isa = PBXFileReference; lastKnownFileType = folder.assetcatalog; path = "Preview Assets.xcassets"; sourceTree = "<group>"; };
		43E2683A260ACA7900AA7FDD /* Info.plist */ = {isa = PBXFileReference; lastKnownFileType = text.plist.xml; path = Info.plist; sourceTree = "<group>"; };
		43E2684A260ACB7500AA7FDD /* recipes.json */ = {isa = PBXFileReference; fileEncoding = 4; lastKnownFileType = text.json; path = recipes.json; sourceTree = "<group>"; };
		43E2684D260ACBF600AA7FDD /* Recipe.swift */ = {isa = PBXFileReference; lastKnownFileType = sourcecode.swift; path = Recipe.swift; sourceTree = "<group>"; };
		43E26851260ACCC600AA7FDD /* RecipeModel.swift */ = {isa = PBXFileReference; lastKnownFileType = sourcecode.swift; path = RecipeModel.swift; sourceTree = "<group>"; };
		43E26855260ACDCB00AA7FDD /* DataService.swift */ = {isa = PBXFileReference; lastKnownFileType = sourcecode.swift; path = DataService.swift; sourceTree = "<group>"; };
		43E26858260CD8CE00AA7FDD /* RecipeDetailView.swift */ = {isa = PBXFileReference; lastKnownFileType = sourcecode.swift; path = RecipeDetailView.swift; sourceTree = "<group>"; };
		43EF4C0626324E6B00525A80 /* RecipeTabView.swift */ = {isa = PBXFileReference; lastKnownFileType = sourcecode.swift; path = RecipeTabView.swift; sourceTree = "<group>"; };
		43EF4C0A263258BF00525A80 /* Ingredient.swift */ = {isa = PBXFileReference; lastKnownFileType = sourcecode.swift; path = Ingredient.swift; sourceTree = "<group>"; };
		43EF4C0D26339BAA00525A80 /* RecipeFeatureView.swift */ = {isa = PBXFileReference; lastKnownFileType = sourcecode.swift; path = RecipeFeatureView.swift; sourceTree = "<group>"; };
/* End PBXFileReference section */

/* Begin PBXFrameworksBuildPhase section */
		43E2682B260ACA7800AA7FDD /* Frameworks */ = {
			isa = PBXFrameworksBuildPhase;
			buildActionMask = 2147483647;
			files = (
			);
			runOnlyForDeploymentPostprocessing = 0;
		};
/* End PBXFrameworksBuildPhase section */

/* Begin PBXGroup section */
		43E26825260ACA7800AA7FDD = {
			isa = PBXGroup;
			children = (
				43E26830260ACA7800AA7FDD /* Recipe List */,
				43E2682F260ACA7800AA7FDD /* Products */,
			);
			sourceTree = "<group>";
		};
		43E2682F260ACA7800AA7FDD /* Products */ = {
			isa = PBXGroup;
			children = (
				43E2682E260ACA7800AA7FDD /* Recipe List.app */,
			);
			name = Products;
			sourceTree = "<group>";
		};
		43E26830260ACA7800AA7FDD /* Recipe List */ = {
			isa = PBXGroup;
			children = (
				43E26831260ACA7800AA7FDD /* Recipe_ListApp.swift */,
				43E26841260ACAA900AA7FDD /* Views */,
				43E26842260ACAB000AA7FDD /* ViewModels */,
				43E26843260ACABE00AA7FDD /* Models */,
				43E26845260ACADC00AA7FDD /* Services */,
				43E26835260ACA7900AA7FDD /* Assets.xcassets */,
				43E26844260ACAC400AA7FDD /* Data */,
				43E2683A260ACA7900AA7FDD /* Info.plist */,
				43E26837260ACA7900AA7FDD /* Preview Content */,
			);
			path = "Recipe List";
			sourceTree = "<group>";
		};
		43E26837260ACA7900AA7FDD /* Preview Content */ = {
			isa = PBXGroup;
			children = (
				43E26838260ACA7900AA7FDD /* Preview Assets.xcassets */,
			);
			path = "Preview Content";
			sourceTree = "<group>";
		};
		43E26841260ACAA900AA7FDD /* Views */ = {
			isa = PBXGroup;
			children = (
				43EF4C0626324E6B00525A80 /* RecipeTabView.swift */,
				43EF4C0D26339BAA00525A80 /* RecipeFeatureView.swift */,
				43E26833260ACA7800AA7FDD /* RecipeListView.swift */,
				43E26858260CD8CE00AA7FDD /* RecipeDetailView.swift */,
			);
			path = Views;
			sourceTree = "<group>";
		};
		43E26842260ACAB000AA7FDD /* ViewModels */ = {
			isa = PBXGroup;
			children = (
				43E26851260ACCC600AA7FDD /* RecipeModel.swift */,
			);
			path = ViewModels;
			sourceTree = "<group>";
		};
		43E26843260ACABE00AA7FDD /* Models */ = {
			isa = PBXGroup;
			children = (
				43E2684D260ACBF600AA7FDD /* Recipe.swift */,
				43EF4C0A263258BF00525A80 /* Ingredient.swift */,
			);
			path = Models;
			sourceTree = "<group>";
		};
		43E26844260ACAC400AA7FDD /* Data */ = {
			isa = PBXGroup;
			children = (
				43E2684A260ACB7500AA7FDD /* recipes.json */,
			);
			path = Data;
			sourceTree = "<group>";
		};
		43E26845260ACADC00AA7FDD /* Services */ = {
			isa = PBXGroup;
			children = (
				43E26855260ACDCB00AA7FDD /* DataService.swift */,
			);
			path = Services;
			sourceTree = "<group>";
		};
/* End PBXGroup section */

/* Begin PBXNativeTarget section */
		43E2682D260ACA7800AA7FDD /* Recipe List */ = {
			isa = PBXNativeTarget;
			buildConfigurationList = 43E2683D260ACA7900AA7FDD /* Build configuration list for PBXNativeTarget "Recipe List" */;
			buildPhases = (
				43E2682A260ACA7800AA7FDD /* Sources */,
				43E2682B260ACA7800AA7FDD /* Frameworks */,
				43E2682C260ACA7800AA7FDD /* Resources */,
			);
			buildRules = (
			);
			dependencies = (
			);
			name = "Recipe List";
			productName = "Recipe List";
			productReference = 43E2682E260ACA7800AA7FDD /* Recipe List.app */;
			productType = "com.apple.product-type.application";
		};
/* End PBXNativeTarget section */

/* Begin PBXProject section */
		43E26826260ACA7800AA7FDD /* Project object */ = {
			isa = PBXProject;
			attributes = {
				LastSwiftUpdateCheck = 1240;
				LastUpgradeCheck = 1240;
				TargetAttributes = {
					43E2682D260ACA7800AA7FDD = {
						CreatedOnToolsVersion = 12.4;
					};
				};
			};
			buildConfigurationList = 43E26829260ACA7800AA7FDD /* Build configuration list for PBXProject "Recipe List" */;
			compatibilityVersion = "Xcode 9.3";
			developmentRegion = en;
			hasScannedForEncodings = 0;
			knownRegions = (
				en,
				Base,
			);
			mainGroup = 43E26825260ACA7800AA7FDD;
			productRefGroup = 43E2682F260ACA7800AA7FDD /* Products */;
			projectDirPath = "";
			projectRoot = "";
			targets = (
				43E2682D260ACA7800AA7FDD /* Recipe List */,
			);
		};
/* End PBXProject section */

/* Begin PBXResourcesBuildPhase section */
		43E2682C260ACA7800AA7FDD /* Resources */ = {
			isa = PBXResourcesBuildPhase;
			buildActionMask = 2147483647;
			files = (
				43E26839260ACA7900AA7FDD /* Preview Assets.xcassets in Resources */,
				43E2684B260ACB7500AA7FDD /* recipes.json in Resources */,
				43E26836260ACA7900AA7FDD /* Assets.xcassets in Resources */,
			);
			runOnlyForDeploymentPostprocessing = 0;
		};
/* End PBXResourcesBuildPhase section */

/* Begin PBXSourcesBuildPhase section */
		43E2682A260ACA7800AA7FDD /* Sources */ = {
			isa = PBXSourcesBuildPhase;
			buildActionMask = 2147483647;
			files = (
				43E2684E260ACBF600AA7FDD /* Recipe.swift in Sources */,
				43EF4C0E26339BAA00525A80 /* RecipeFeatureView.swift in Sources */,
				43E26859260CD8CE00AA7FDD /* RecipeDetailView.swift in Sources */,
				43E26852260ACCC600AA7FDD /* RecipeModel.swift in Sources */,
				43E26834260ACA7800AA7FDD /* RecipeListView.swift in Sources */,
				43EF4C0B263258BF00525A80 /* Ingredient.swift in Sources */,
				43E26832260ACA7800AA7FDD /* Recipe_ListApp.swift in Sources */,
				43E26856260ACDCB00AA7FDD /* DataService.swift in Sources */,
				43EF4C0726324E6B00525A80 /* RecipeTabView.swift in Sources */,
			);
			runOnlyForDeploymentPostprocessing = 0;
		};
/* End PBXSourcesBuildPhase section */

/* Begin XCBuildConfiguration section */
		43E2683B260ACA7900AA7FDD /* Debug */ = {
			isa = XCBuildConfiguration;
			buildSettings = {
				ALWAYS_SEARCH_USER_PATHS = NO;
				CLANG_ANALYZER_NONNULL = YES;
				CLANG_ANALYZER_NUMBER_OBJECT_CONVERSION = YES_AGGRESSIVE;
				CLANG_CXX_LANGUAGE_STANDARD = "gnu++14";
				CLANG_CXX_LIBRARY = "libc++";
				CLANG_ENABLE_MODULES = YES;
				CLANG_ENABLE_OBJC_ARC = YES;
				CLANG_ENABLE_OBJC_WEAK = YES;
				CLANG_WARN_BLOCK_CAPTURE_AUTORELEASING = YES;
				CLANG_WARN_BOOL_CONVERSION = YES;
				CLANG_WARN_COMMA = YES;
				CLANG_WARN_CONSTANT_CONVERSION = YES;
				CLANG_WARN_DEPRECATED_OBJC_IMPLEMENTATIONS = YES;
				CLANG_WARN_DIRECT_OBJC_ISA_USAGE = YES_ERROR;
				CLANG_WARN_DOCUMENTATION_COMMENTS = YES;
				CLANG_WARN_EMPTY_BODY = YES;
				CLANG_WARN_ENUM_CONVERSION = YES;
				CLANG_WARN_INFINITE_RECURSION = YES;
				CLANG_WARN_INT_CONVERSION = YES;
				CLANG_WARN_NON_LITERAL_NULL_CONVERSION = YES;
				CLANG_WARN_OBJC_IMPLICIT_RETAIN_SELF = YES;
				CLANG_WARN_OBJC_LITERAL_CONVERSION = YES;
				CLANG_WARN_OBJC_ROOT_CLASS = YES_ERROR;
				CLANG_WARN_QUOTED_INCLUDE_IN_FRAMEWORK_HEADER = YES;
				CLANG_WARN_RANGE_LOOP_ANALYSIS = YES;
				CLANG_WARN_STRICT_PROTOTYPES = YES;
				CLANG_WARN_SUSPICIOUS_MOVE = YES;
				CLANG_WARN_UNGUARDED_AVAILABILITY = YES_AGGRESSIVE;
				CLANG_WARN_UNREACHABLE_CODE = YES;
				CLANG_WARN__DUPLICATE_METHOD_MATCH = YES;
				COPY_PHASE_STRIP = NO;
				DEBUG_INFORMATION_FORMAT = dwarf;
				ENABLE_STRICT_OBJC_MSGSEND = YES;
				ENABLE_TESTABILITY = YES;
				GCC_C_LANGUAGE_STANDARD = gnu11;
				GCC_DYNAMIC_NO_PIC = NO;
				GCC_NO_COMMON_BLOCKS = YES;
				GCC_OPTIMIZATION_LEVEL = 0;
				GCC_PREPROCESSOR_DEFINITIONS = (
					"DEBUG=1",
					"$(inherited)",
				);
				GCC_WARN_64_TO_32_BIT_CONVERSION = YES;
				GCC_WARN_ABOUT_RETURN_TYPE = YES_ERROR;
				GCC_WARN_UNDECLARED_SELECTOR = YES;
				GCC_WARN_UNINITIALIZED_AUTOS = YES_AGGRESSIVE;
				GCC_WARN_UNUSED_FUNCTION = YES;
				GCC_WARN_UNUSED_VARIABLE = YES;
				IPHONEOS_DEPLOYMENT_TARGET = 14.4;
				MTL_ENABLE_DEBUG_INFO = INCLUDE_SOURCE;
				MTL_FAST_MATH = YES;
				ONLY_ACTIVE_ARCH = YES;
				SDKROOT = iphoneos;
				SWIFT_ACTIVE_COMPILATION_CONDITIONS = DEBUG;
				SWIFT_OPTIMIZATION_LEVEL = "-Onone";
			};
			name = Debug;
		};
		43E2683C260ACA7900AA7FDD /* Release */ = {
			isa = XCBuildConfiguration;
			buildSettings = {
				ALWAYS_SEARCH_USER_PATHS = NO;
				CLANG_ANALYZER_NONNULL = YES;
				CLANG_ANALYZER_NUMBER_OBJECT_CONVERSION = YES_AGGRESSIVE;
				CLANG_CXX_LANGUAGE_STANDARD = "gnu++14";
				CLANG_CXX_LIBRARY = "libc++";
				CLANG_ENABLE_MODULES = YES;
				CLANG_ENABLE_OBJC_ARC = YES;
				CLANG_ENABLE_OBJC_WEAK = YES;
				CLANG_WARN_BLOCK_CAPTURE_AUTORELEASING = YES;
				CLANG_WARN_BOOL_CONVERSION = YES;
				CLANG_WARN_COMMA = YES;
				CLANG_WARN_CONSTANT_CONVERSION = YES;
				CLANG_WARN_DEPRECATED_OBJC_IMPLEMENTATIONS = YES;
				CLANG_WARN_DIRECT_OBJC_ISA_USAGE = YES_ERROR;
				CLANG_WARN_DOCUMENTATION_COMMENTS = YES;
				CLANG_WARN_EMPTY_BODY = YES;
				CLANG_WARN_ENUM_CONVERSION = YES;
				CLANG_WARN_INFINITE_RECURSION = YES;
				CLANG_WARN_INT_CONVERSION = YES;
				CLANG_WARN_NON_LITERAL_NULL_CONVERSION = YES;
				CLANG_WARN_OBJC_IMPLICIT_RETAIN_SELF = YES;
				CLANG_WARN_OBJC_LITERAL_CONVERSION = YES;
				CLANG_WARN_OBJC_ROOT_CLASS = YES_ERROR;
				CLANG_WARN_QUOTED_INCLUDE_IN_FRAMEWORK_HEADER = YES;
				CLANG_WARN_RANGE_LOOP_ANALYSIS = YES;
				CLANG_WARN_STRICT_PROTOTYPES = YES;
				CLANG_WARN_SUSPICIOUS_MOVE = YES;
				CLANG_WARN_UNGUARDED_AVAILABILITY = YES_AGGRESSIVE;
				CLANG_WARN_UNREACHABLE_CODE = YES;
				CLANG_WARN__DUPLICATE_METHOD_MATCH = YES;
				COPY_PHASE_STRIP = NO;
				DEBUG_INFORMATION_FORMAT = "dwarf-with-dsym";
				ENABLE_NS_ASSERTIONS = NO;
				ENABLE_STRICT_OBJC_MSGSEND = YES;
				GCC_C_LANGUAGE_STANDARD = gnu11;
				GCC_NO_COMMON_BLOCKS = YES;
				GCC_WARN_64_TO_32_BIT_CONVERSION = YES;
				GCC_WARN_ABOUT_RETURN_TYPE = YES_ERROR;
				GCC_WARN_UNDECLARED_SELECTOR = YES;
				GCC_WARN_UNINITIALIZED_AUTOS = YES_AGGRESSIVE;
				GCC_WARN_UNUSED_FUNCTION = YES;
				GCC_WARN_UNUSED_VARIABLE = YES;
				IPHONEOS_DEPLOYMENT_TARGET = 14.4;
				MTL_ENABLE_DEBUG_INFO = NO;
				MTL_FAST_MATH = YES;
				SDKROOT = iphoneos;
				SWIFT_COMPILATION_MODE = wholemodule;
				SWIFT_OPTIMIZATION_LEVEL = "-O";
				VALIDATE_PRODUCT = YES;
			};
			name = Release;
		};
		43E2683E260ACA7900AA7FDD /* Debug */ = {
			isa = XCBuildConfiguration;
			buildSettings = {
				ASSETCATALOG_COMPILER_APPICON_NAME = AppIcon;
				ASSETCATALOG_COMPILER_GLOBAL_ACCENT_COLOR_NAME = AccentColor;
				CODE_SIGN_STYLE = Automatic;
				DEVELOPMENT_ASSET_PATHS = "\"Recipe List/Preview Content\"";
				DEVELOPMENT_TEAM = 36LM6B48H3;
				ENABLE_PREVIEWS = YES;
				INFOPLIST_FILE = "Recipe List/Info.plist";
				IPHONEOS_DEPLOYMENT_TARGET = 14.0;
				LD_RUNPATH_SEARCH_PATHS = (
					"$(inherited)",
					"@executable_path/Frameworks",
				);
				PRODUCT_BUNDLE_IDENTIFIER = "com.professionalpillsbury.Recipe-List";
				PRODUCT_NAME = "$(TARGET_NAME)";
				SWIFT_VERSION = 5.0;
				TARGETED_DEVICE_FAMILY = "1,2";
			};
			name = Debug;
		};
		43E2683F260ACA7900AA7FDD /* Release */ = {
			isa = XCBuildConfiguration;
			buildSettings = {
				ASSETCATALOG_COMPILER_APPICON_NAME = AppIcon;
				ASSETCATALOG_COMPILER_GLOBAL_ACCENT_COLOR_NAME = AccentColor;
				CODE_SIGN_STYLE = Automatic;
				DEVELOPMENT_ASSET_PATHS = "\"Recipe List/Preview Content\"";
				DEVELOPMENT_TEAM = 36LM6B48H3;
				ENABLE_PREVIEWS = YES;
				INFOPLIST_FILE = "Recipe List/Info.plist";
				IPHONEOS_DEPLOYMENT_TARGET = 14.0;
				LD_RUNPATH_SEARCH_PATHS = (
					"$(inherited)",
					"@executable_path/Frameworks",
				);
				PRODUCT_BUNDLE_IDENTIFIER = "com.professionalpillsbury.Recipe-List";
				PRODUCT_NAME = "$(TARGET_NAME)";
				SWIFT_VERSION = 5.0;
				TARGETED_DEVICE_FAMILY = "1,2";
			};
			name = Release;
		};
/* End XCBuildConfiguration section */

/* Begin XCConfigurationList section */
		43E26829260ACA7800AA7FDD /* Build configuration list for PBXProject "Recipe List" */ = {
			isa = XCConfigurationList;
			buildConfigurations = (
				43E2683B260ACA7900AA7FDD /* Debug */,
				43E2683C260ACA7900AA7FDD /* Release */,
			);
			defaultConfigurationIsVisible = 0;
			defaultConfigurationName = Release;
		};
		43E2683D260ACA7900AA7FDD /* Build configuration list for PBXNativeTarget "Recipe List" */ = {
			isa = XCConfigurationList;
			buildConfigurations = (
				43E2683E260ACA7900AA7FDD /* Debug */,
				43E2683F260ACA7900AA7FDD /* Release */,
			);
			defaultConfigurationIsVisible = 0;
			defaultConfigurationName = Release;
		};
/* End XCConfigurationList section */
	};
	rootObject = 43E26826260ACA7800AA7FDD /* Project object */;
}
